
Microsoft Visual Studio Solution File, Format Version 12.00
# Visual Studio Version 17
VisualStudioVersion = 17.13.35806.99
MinimumVisualStudioVersion = 10.0.40219.1
Project("{FAE04EC0-301F-11D3-BF4B-00C04F79EFBC}") = "WarehouseApp.WebApi", "WarehouseAppWebApi\WarehouseApp.WebApi.csproj", "{166C0CE0-7D0C-4670-943D-4899B5D6C03E}"
EndProject
Project("{FAE04EC0-301F-11D3-BF4B-00C04F79EFBC}") = "WarehouseApp.Domain", "WarehouseApp.Domain\WarehouseApp.Domain.csproj", "{3FBC9706-EA02-49C4-97C7-691D409CB494}"
EndProject
Project("{FAE04EC0-301F-11D3-BF4B-00C04F79EFBC}") = "WarehouseApp.Application", "WarehouseApp.Application\WarehouseApp.Application.csproj", "{343ECCD2-1C08-4248-81BE-0D2FE3859A46}"
EndProject
Project("{FAE04EC0-301F-11D3-BF4B-00C04F79EFBC}") = "WarehouseApp.Infrastructure", "WarehouseApp.Infrastructure\WarehouseApp.Infrastructure.csproj", "{44EF9170-B534-4C49-B2C1-9837A091C842}"
EndProject
Project("{2150E333-8FDC-42A3-9474-1A3956D46DE8}") = "Core", "Core", "{02EA681E-C7D8-13C7-8484-4AC65E1B71E8}"
EndProject
Project("{2150E333-8FDC-42A3-9474-1A3956D46DE8}") = "Infrastructure", "Infrastructure", "{1E0100EA-2288-4D18-9DC2-F9B2BBA38EB8}"
EndProject
Project("{2150E333-8FDC-42A3-9474-1A3956D46DE8}") = "Persentation", "Persentation", "{D868BC52-AD30-4E77-BBE8-69038CFBA4D5}"
EndProject
Project("{2150E333-8FDC-42A3-9474-1A3956D46DE8}") = "Gateway", "Gateway", "{FF4A3B78-5BC2-44C0-87B8-37BDBB0FD6D2}"
EndProject
Project("{FAE04EC0-301F-11D3-BF4B-00C04F79EFBC}") = "WarehouseApp.WebApiminimal", "WarehouseApp.WebApiminimal\WarehouseApp.WebApiminimal.csproj", "{6CC8FA95-C73B-45E2-ACB8-A88560D944D3}"
EndProject
Project("{FAE04EC0-301F-11D3-BF4B-00C04F79EFBC}") = "WarehouseApp.ExternalServices.Infrastructure", "WarehouseApp.ExternalServices.Infrastructure\WarehouseApp.ExternalServices.Infrastructure.csproj", "{2EB41BCC-C93B-4755-8749-B9DCCC5C8BD8}"
EndProject
Project("{FAE04EC0-301F-11D3-BF4B-00C04F79EFBC}") = "WarehouseApp.ApiGateway", "WarehouseApp.ApiGateway\WarehouseApp.ApiGateway.csproj", "{0950A82D-A7DA-41D8-9793-4FAF78BA70E0}"
EndProject
Project("{2150E333-8FDC-42A3-9474-1A3956D46DE8}") = "src", "src", "{1ABBDA87-E6B4-4DD2-95A7-2280905E500A}"
EndProject
Project("{2150E333-8FDC-42A3-9474-1A3956D46DE8}") = "Solution Items", "Solution Items", "{8EC462FD-D22E-90A8-E5CE-7E832BA40C5D}"
	ProjectSection(SolutionItems) = preProject
		Directory.Packages.props = Directory.Packages.props
		docker-compose.yml = docker-compose.yml
		README.md = README.md
	EndProjectSection
EndProject
Project("{2150E333-8FDC-42A3-9474-1A3956D46DE8}") = "Basket", "Basket", "{E5227BE2-B169-435E-BE46-803D7902EBCF}"
EndProject
Project("{2150E333-8FDC-42A3-9474-1A3956D46DE8}") = "Product", "Product", "{F68A8149-7068-4C00-B965-1C38DD1FAA41}"
EndProject
Project("{2150E333-8FDC-42A3-9474-1A3956D46DE8}") = "Shared", "Shared", "{C64DD540-9D67-413D-AA16-CC2E1B490998}"
EndProject
Project("{2150E333-8FDC-42A3-9474-1A3956D46DE8}") = "Ticketing", "Ticketing", "{3C8041EB-F7BE-4260-B745-A34A6EA88D99}"
EndProject
Project("{FAE04EC0-301F-11D3-BF4B-00C04F79EFBC}") = "WarehouseApp.Shared.Persentation", "WarehouseApp.Shared.Persentation\WarehouseApp.Shared.Persentation.csproj", "{38C032EA-7A75-43A1-B3A2-30A49816AFDF}"
EndProject
Project("{FAE04EC0-301F-11D3-BF4B-00C04F79EFBC}") = "WarehouseApp.Shared.Infrastructure", "WarehouseApp.Shared.Infrastructure\WarehouseApp.Shared.Infrastructure.csproj", "{24C55D3F-86F1-4BF5-BEE1-292D80AB0B83}"
EndProject
Project("{FAE04EC0-301F-11D3-BF4B-00C04F79EFBC}") = "WarehouseApp.Shared.Core", "WarehouseApp.Shared.Aplication\WarehouseApp.Shared.Core.csproj", "{9FCC88D2-0E91-42E3-9351-E7DF4E889C2D}"
EndProject
Project("{FAE04EC0-301F-11D3-BF4B-00C04F79EFBC}") = "WarehouseApp.WebApi.GrpcService", "WarehouseApp.WebApi.GrpcService\WarehouseApp.WebApi.GrpcService.csproj", "{8815BBCA-224B-4DE2-A63B-989039FABA4E}"
EndProject
Global
	GlobalSection(SolutionConfigurationPlatforms) = preSolution
		Debug|Any CPU = Debug|Any CPU
		Release|Any CPU = Release|Any CPU
	EndGlobalSection
	GlobalSection(ProjectConfigurationPlatforms) = postSolution
		{166C0CE0-7D0C-4670-943D-4899B5D6C03E}.Debug|Any CPU.ActiveCfg = Debug|Any CPU
		{166C0CE0-7D0C-4670-943D-4899B5D6C03E}.Debug|Any CPU.Build.0 = Debug|Any CPU
		{166C0CE0-7D0C-4670-943D-4899B5D6C03E}.Release|Any CPU.ActiveCfg = Release|Any CPU
		{166C0CE0-7D0C-4670-943D-4899B5D6C03E}.Release|Any CPU.Build.0 = Release|Any CPU
		{3FBC9706-EA02-49C4-97C7-691D409CB494}.Debug|Any CPU.ActiveCfg = Debug|Any CPU
		{3FBC9706-EA02-49C4-97C7-691D409CB494}.Debug|Any CPU.Build.0 = Debug|Any CPU
		{3FBC9706-EA02-49C4-97C7-691D409CB494}.Release|Any CPU.ActiveCfg = Release|Any CPU
		{3FBC9706-EA02-49C4-97C7-691D409CB494}.Release|Any CPU.Build.0 = Release|Any CPU
		{343ECCD2-1C08-4248-81BE-0D2FE3859A46}.Debug|Any CPU.ActiveCfg = Debug|Any CPU
		{343ECCD2-1C08-4248-81BE-0D2FE3859A46}.Debug|Any CPU.Build.0 = Debug|Any CPU
		{343ECCD2-1C08-4248-81BE-0D2FE3859A46}.Release|Any CPU.ActiveCfg = Release|Any CPU
		{343ECCD2-1C08-4248-81BE-0D2FE3859A46}.Release|Any CPU.Build.0 = Release|Any CPU
		{44EF9170-B534-4C49-B2C1-9837A091C842}.Debug|Any CPU.ActiveCfg = Debug|Any CPU
		{44EF9170-B534-4C49-B2C1-9837A091C842}.Debug|Any CPU.Build.0 = Debug|Any CPU
		{44EF9170-B534-4C49-B2C1-9837A091C842}.Release|Any CPU.ActiveCfg = Release|Any CPU
		{44EF9170-B534-4C49-B2C1-9837A091C842}.Release|Any CPU.Build.0 = Release|Any CPU
		{6CC8FA95-C73B-45E2-ACB8-A88560D944D3}.Debug|Any CPU.ActiveCfg = Debug|Any CPU
		{6CC8FA95-C73B-45E2-ACB8-A88560D944D3}.Debug|Any CPU.Build.0 = Debug|Any CPU
		{6CC8FA95-C73B-45E2-ACB8-A88560D944D3}.Release|Any CPU.ActiveCfg = Release|Any CPU
		{6CC8FA95-C73B-45E2-ACB8-A88560D944D3}.Release|Any CPU.Build.0 = Release|Any CPU
		{2EB41BCC-C93B-4755-8749-B9DCCC5C8BD8}.Debug|Any CPU.ActiveCfg = Debug|Any CPU
		{2EB41BCC-C93B-4755-8749-B9DCCC5C8BD8}.Debug|Any CPU.Build.0 = Debug|Any CPU
		{2EB41BCC-C93B-4755-8749-B9DCCC5C8BD8}.Release|Any CPU.ActiveCfg = Release|Any CPU
		{2EB41BCC-C93B-4755-8749-B9DCCC5C8BD8}.Release|Any CPU.Build.0 = Release|Any CPU
		{0950A82D-A7DA-41D8-9793-4FAF78BA70E0}.Debug|Any CPU.ActiveCfg = Debug|Any CPU
		{0950A82D-A7DA-41D8-9793-4FAF78BA70E0}.Debug|Any CPU.Build.0 = Debug|Any CPU
		{0950A82D-A7DA-41D8-9793-4FAF78BA70E0}.Release|Any CPU.ActiveCfg = Release|Any CPU
		{0950A82D-A7DA-41D8-9793-4FAF78BA70E0}.Release|Any CPU.Build.0 = Release|Any CPU
		{38C032EA-7A75-43A1-B3A2-30A49816AFDF}.Debug|Any CPU.ActiveCfg = Debug|Any CPU
		{38C032EA-7A75-43A1-B3A2-30A49816AFDF}.Debug|Any CPU.Build.0 = Debug|Any CPU
		{38C032EA-7A75-43A1-B3A2-30A49816AFDF}.Release|Any CPU.ActiveCfg = Release|Any CPU
		{38C032EA-7A75-43A1-B3A2-30A49816AFDF}.Release|Any CPU.Build.0 = Release|Any CPU
		{24C55D3F-86F1-4BF5-BEE1-292D80AB0B83}.Debug|Any CPU.ActiveCfg = Debug|Any CPU
		{24C55D3F-86F1-4BF5-BEE1-292D80AB0B83}.Debug|Any CPU.Build.0 = Debug|Any CPU
		{24C55D3F-86F1-4BF5-BEE1-292D80AB0B83}.Release|Any CPU.ActiveCfg = Release|Any CPU
		{24C55D3F-86F1-4BF5-BEE1-292D80AB0B83}.Release|Any CPU.Build.0 = Release|Any CPU
		{9FCC88D2-0E91-42E3-9351-E7DF4E889C2D}.Debug|Any CPU.ActiveCfg = Debug|Any CPU
		{9FCC88D2-0E91-42E3-9351-E7DF4E889C2D}.Debug|Any CPU.Build.0 = Debug|Any CPU
		{9FCC88D2-0E91-42E3-9351-E7DF4E889C2D}.Release|Any CPU.ActiveCfg = Release|Any CPU
		{9FCC88D2-0E91-42E3-9351-E7DF4E889C2D}.Release|Any CPU.Build.0 = Release|Any CPU
		{8815BBCA-224B-4DE2-A63B-989039FABA4E}.Debug|Any CPU.ActiveCfg = Debug|Any CPU
		{8815BBCA-224B-4DE2-A63B-989039FABA4E}.Debug|Any CPU.Build.0 = Debug|Any CPU
		{8815BBCA-224B-4DE2-A63B-989039FABA4E}.Release|Any CPU.ActiveCfg = Release|Any CPU
		{8815BBCA-224B-4DE2-A63B-989039FABA4E}.Release|Any CPU.Build.0 = Release|Any CPU
	EndGlobalSection
	GlobalSection(SolutionProperties) = preSolution
		HideSolutionNode = FALSE
	EndGlobalSection
	GlobalSection(NestedProjects) = preSolution
		{166C0CE0-7D0C-4670-943D-4899B5D6C03E} = {D868BC52-AD30-4E77-BBE8-69038CFBA4D5}
		{3FBC9706-EA02-49C4-97C7-691D409CB494} = {02EA681E-C7D8-13C7-8484-4AC65E1B71E8}
		{343ECCD2-1C08-4248-81BE-0D2FE3859A46} = {02EA681E-C7D8-13C7-8484-4AC65E1B71E8}
		{44EF9170-B534-4C49-B2C1-9837A091C842} = {1E0100EA-2288-4D18-9DC2-F9B2BBA38EB8}
		{02EA681E-C7D8-13C7-8484-4AC65E1B71E8} = {F68A8149-7068-4C00-B965-1C38DD1FAA41}
		{1E0100EA-2288-4D18-9DC2-F9B2BBA38EB8} = {F68A8149-7068-4C00-B965-1C38DD1FAA41}
		{D868BC52-AD30-4E77-BBE8-69038CFBA4D5} = {F68A8149-7068-4C00-B965-1C38DD1FAA41}
		{6CC8FA95-C73B-45E2-ACB8-A88560D944D3} = {D868BC52-AD30-4E77-BBE8-69038CFBA4D5}
		{2EB41BCC-C93B-4755-8749-B9DCCC5C8BD8} = {1E0100EA-2288-4D18-9DC2-F9B2BBA38EB8}
		{0950A82D-A7DA-41D8-9793-4FAF78BA70E0} = {FF4A3B78-5BC2-44C0-87B8-37BDBB0FD6D2}
		{E5227BE2-B169-435E-BE46-803D7902EBCF} = {1ABBDA87-E6B4-4DD2-95A7-2280905E500A}
		{F68A8149-7068-4C00-B965-1C38DD1FAA41} = {1ABBDA87-E6B4-4DD2-95A7-2280905E500A}
		{C64DD540-9D67-413D-AA16-CC2E1B490998} = {1ABBDA87-E6B4-4DD2-95A7-2280905E500A}
		{3C8041EB-F7BE-4260-B745-A34A6EA88D99} = {1ABBDA87-E6B4-4DD2-95A7-2280905E500A}
		{38C032EA-7A75-43A1-B3A2-30A49816AFDF} = {C64DD540-9D67-413D-AA16-CC2E1B490998}
		{24C55D3F-86F1-4BF5-BEE1-292D80AB0B83} = {C64DD540-9D67-413D-AA16-CC2E1B490998}
		{9FCC88D2-0E91-42E3-9351-E7DF4E889C2D} = {C64DD540-9D67-413D-AA16-CC2E1B490998}
		{8815BBCA-224B-4DE2-A63B-989039FABA4E} = {D868BC52-AD30-4E77-BBE8-69038CFBA4D5}
	EndGlobalSection
	GlobalSection(ExtensibilityGlobals) = postSolution
		SolutionGuid = {FFB9277D-0257-4498-95E2-15163B3B9A46}
	EndGlobalSection
EndGlobal
